hash: c111684c756a994c55f2a5520e409a13c889f02cef214144b7dc211071e625d9
updated: 2018-03-15T12:24:43.213100922-07:00
imports:
- name: github.com/appscode/envconfig
  version: 183bbe643a2875eaa69c85627ac6b25813983203
- name: github.com/appscode/go
  version: f8f2e1c7d2d10789cdd0540468b487d14421dbf9
  subpackages:
  - net/httpclient
- name: github.com/cenkalti/backoff
  version: 61153c768f31ee5f130071d08fc82b85208528de
- name: github.com/golang/glog
  version: 44145f04b68cf362d9c4df2182967c2275eaefed
- name: github.com/google/go-querystring
  version: 53e6ce116135b80d037921a7fdd5138cf32d7a8a
  subpackages:
  - query
- name: github.com/gorilla/websocket
  version: 6eb6ad425a89d9da7a5549bc6da8f79ba5c17844
- name: github.com/jaytaylor/html2text
  version: 190166da35878a77103b951ae035a473531c1fc2
- name: github.com/mailgun/mailgun-go
  version: 369a1fa57ce6fb314e627087b9fff0db5c266c0f
- name: github.com/mattn/go-runewidth
  version: a9d6d1e4dc51df2130326793d49971f238839169
- name: github.com/nlopes/slack
  version: 8ab4d0b364ef1e9af5d102531da20d5ec902b6c4
- name: github.com/olekukonko/tablewriter
  version: cca8bbc0798408af109aaaa239cbd2634846b340
- name: github.com/ssor/bom
  version: 6386211fdfcf24c0bfbdaceafd02849ed9a8a509
- name: github.com/tbruyelle/hipchat-go
  version: 749fb9e14beb9995f677c101a754393cecb64b0f
  subpackages:
  - hipchat
- name: golang.org/x/net
  version: 1c05540f6879653db88113bc4a2b70aec4bd491f
  subpackages:
  - context
  - html
  - html/atom
- name: gopkg.in/alexcesaro/quotedprintable.v3
  version: 2caba252f4dc53eaf6b553000885530023f54623
- name: gopkg.in/gomail.v2
  version: 81ebce5c23dfd25c6c67194b37d3dd3f338c98b1
testImports: []
